
Microsoft Visual Studio Solution File, Format Version 12.00
# Visual Studio Version 17
VisualStudioVersion = 17.3.32922.545
MinimumVisualStudioVersion = 10.0.40219.1
Project("{FAE04EC0-301F-11D3-BF4B-00C04F79EFBC}") = "OppsConceepts", "OppsConceepts\OppsConceepts.csproj", "{9717FE0F-020F-41DB-97B6-288B311588F7}"
EndProject
Global
	GlobalSection(SolutionConfigurationPlatforms) = preSolution
		Debug|Any CPU = Debug|Any CPU
		Release|Any CPU = Release|Any CPU
	EndGlobalSection
	GlobalSection(ProjectConfigurationPlatforms) = postSolution
		{9717FE0F-020F-41DB-97B6-288B311588F7}.Debug|Any CPU.ActiveCfg = Debug|Any CPU
		{9717FE0F-020F-41DB-97B6-288B311588F7}.Debug|Any CPU.Build.0 = Debug|Any CPU
		{9717FE0F-020F-41DB-97B6-288B311588F7}.Release|Any CPU.ActiveCfg = Release|Any CPU
		{9717FE0F-020F-41DB-97B6-288B311588F7}.Release|Any CPU.Build.0 = Release|Any CPU
	EndGlobalSection
	GlobalSection(SolutionProperties) = preSolution
		HideSolutionNode = FALSE
	EndGlobalSection
	GlobalSection(ExtensibilityGlobals) = postSolution
		SolutionGuid = {55E2377B-0C69-4914-B847-70F671A1BC44}
	EndGlobalSection
EndGlobal
